
Microsoft Visual Studio Solution File, Format Version 11.00
# Visual Studio 2010
Project("{FAE04EC0-301F-11D3-BF4B-00C04F79EFBC}") = "IHome.Server", "IHome.Server\IHome.Server.csproj", "{9F12845B-F827-40E6-BF51-B5AFCCC7E9E9}"
EndProject
Project("{E24C65DC-7377-472B-9ABA-BC803B73C61A}") = "IHome.Web", "IHome.Web\", "{15E8C638-1346-42D4-A0AF-718D06CF3B71}"
	ProjectSection(WebsiteProperties) = preProject
		TargetFrameworkMoniker = ".NETFramework,Version%3Dv3.5"
		Debug.AspNetCompiler.VirtualPath = "/IHome.Web"
		Debug.AspNetCompiler.PhysicalPath = "IHome.Web\"
		Debug.AspNetCompiler.TargetPath = "PrecompiledWeb\IHome.Web\"
		Debug.AspNetCompiler.Updateable = "true"
		Debug.AspNetCompiler.ForceOverwrite = "true"
		Debug.AspNetCompiler.FixedNames = "false"
		Debug.AspNetCompiler.Debug = "True"
		Release.AspNetCompiler.VirtualPath = "/IHome.Web"
		Release.AspNetCompiler.PhysicalPath = "IHome.Web\"
		Release.AspNetCompiler.TargetPath = "PrecompiledWeb\IHome.Web\"
		Release.AspNetCompiler.Updateable = "true"
		Release.AspNetCompiler.ForceOverwrite = "true"
		Release.AspNetCompiler.FixedNames = "false"
		Release.AspNetCompiler.Debug = "False"
		VWDPort = "4260"
		VWDVirtualPath = "/"
		DefaultWebSiteLanguage = "Visual C#"
		ProjOutputReferences = "{788D7CC3-88AD-4B0C-AA0A-DE2F5D1665B5}|ClientBin|false;"
	EndProjectSection
EndProject
Project("{FAE04EC0-301F-11D3-BF4B-00C04F79EFBC}") = "IHome.SLClient", "IHome.SLClient\IHome.SLClient.csproj", "{788D7CC3-88AD-4B0C-AA0A-DE2F5D1665B5}"
EndProject
Project("{FAE04EC0-301F-11D3-BF4B-00C04F79EFBC}") = "IHome.SLClient.HouseManagement", "IHome.SLClient.HouseManagement\IHome.SLClient.HouseManagement.csproj", "{9FA3E1AA-A6A5-4CB0-B907-EB8C7E2C3D1E}"
EndProject
Global
	GlobalSection(SolutionConfigurationPlatforms) = preSolution
		Debug|Any CPU = Debug|Any CPU
		Release|Any CPU = Release|Any CPU
	EndGlobalSection
	GlobalSection(ProjectConfigurationPlatforms) = postSolution
		{9F12845B-F827-40E6-BF51-B5AFCCC7E9E9}.Debug|Any CPU.ActiveCfg = Debug|Any CPU
		{9F12845B-F827-40E6-BF51-B5AFCCC7E9E9}.Debug|Any CPU.Build.0 = Debug|Any CPU
		{9F12845B-F827-40E6-BF51-B5AFCCC7E9E9}.Release|Any CPU.ActiveCfg = Release|Any CPU
		{9F12845B-F827-40E6-BF51-B5AFCCC7E9E9}.Release|Any CPU.Build.0 = Release|Any CPU
		{15E8C638-1346-42D4-A0AF-718D06CF3B71}.Debug|Any CPU.ActiveCfg = Debug|Any CPU
		{15E8C638-1346-42D4-A0AF-718D06CF3B71}.Debug|Any CPU.Build.0 = Debug|Any CPU
		{15E8C638-1346-42D4-A0AF-718D06CF3B71}.Release|Any CPU.ActiveCfg = Debug|Any CPU
		{15E8C638-1346-42D4-A0AF-718D06CF3B71}.Release|Any CPU.Build.0 = Debug|Any CPU
		{788D7CC3-88AD-4B0C-AA0A-DE2F5D1665B5}.Debug|Any CPU.ActiveCfg = Debug|Any CPU
		{788D7CC3-88AD-4B0C-AA0A-DE2F5D1665B5}.Debug|Any CPU.Build.0 = Debug|Any CPU
		{788D7CC3-88AD-4B0C-AA0A-DE2F5D1665B5}.Release|Any CPU.ActiveCfg = Release|Any CPU
		{788D7CC3-88AD-4B0C-AA0A-DE2F5D1665B5}.Release|Any CPU.Build.0 = Release|Any CPU
		{9FA3E1AA-A6A5-4CB0-B907-EB8C7E2C3D1E}.Debug|Any CPU.ActiveCfg = Debug|Any CPU
		{9FA3E1AA-A6A5-4CB0-B907-EB8C7E2C3D1E}.Debug|Any CPU.Build.0 = Debug|Any CPU
		{9FA3E1AA-A6A5-4CB0-B907-EB8C7E2C3D1E}.Release|Any CPU.ActiveCfg = Release|Any CPU
		{9FA3E1AA-A6A5-4CB0-B907-EB8C7E2C3D1E}.Release|Any CPU.Build.0 = Release|Any CPU
	EndGlobalSection
	GlobalSection(SolutionProperties) = preSolution
		HideSolutionNode = FALSE
	EndGlobalSection
EndGlobal
