
Microsoft Visual Studio Solution File, Format Version 11.00
# Visual Studio 2010
Project("{FAE04EC0-301F-11D3-BF4B-00C04F79EFBC}") = "IHome.Server", "IHome.Server\IHome.Server.csproj", "{9F12845B-F827-40E6-BF51-B5AFCCC7E9E9}"
EndProject
Project("{E24C65DC-7377-472B-9ABA-BC803B73C61A}") = "IHome.Web", "IHome.Web\", "{15E8C638-1346-42D4-A0AF-718D06CF3B71}"
	ProjectSection(WebsiteProperties) = preProject
		TargetFrameworkMoniker = ".NETFramework,Version%3Dv4.0"
		ProjectReferences = "{9F12845B-F827-40E6-BF51-B5AFCCC7E9E9}|IHome.Server.dll;"
		Debug.AspNetCompiler.VirtualPath = "/IHome.Web"
		Debug.AspNetCompiler.PhysicalPath = "IHome.Web\"
		Debug.AspNetCompiler.TargetPath = "PrecompiledWeb\IHome.Web\"
		Debug.AspNetCompiler.Updateable = "true"
		Debug.AspNetCompiler.ForceOverwrite = "true"
		Debug.AspNetCompiler.FixedNames = "false"
		Debug.AspNetCompiler.Debug = "True"
		Release.AspNetCompiler.VirtualPath = "/IHome.Web"
		Release.AspNetCompiler.PhysicalPath = "IHome.Web\"
		Release.AspNetCompiler.TargetPath = "PrecompiledWeb\IHome.Web\"
		Release.AspNetCompiler.Updateable = "true"
		Release.AspNetCompiler.ForceOverwrite = "true"
		Release.AspNetCompiler.FixedNames = "false"
		Release.AspNetCompiler.Debug = "False"
		VWDPort = "1885"
		VWDVirtualPath = "/"
		DefaultWebSiteLanguage = "Visual C#"
		ProjOutputReferences = "{59F9DC0F-2DE7-432F-8627-1BCC93E03707}|ClientBin|false;"
	EndProjectSection
EndProject
Project("{2150E333-8FDC-42A3-9474-1A3956D46DE8}") = "SL", "SL", "{197D4269-0D8A-4646-A3EA-FABAD0DDFDB9}"
EndProject
Project("{2150E333-8FDC-42A3-9474-1A3956D46DE8}") = "Server", "Server", "{1D22AF71-C5E7-47D8-B489-C49604FB99B3}"
EndProject
Project("{F088123C-0E9E-452A-89E6-6BA2F21D5CAC}") = "IHome.DataFlow", "IHome.DataFlow\IHome.DataFlow\IHome.DataFlow.modelproj", "{4E85BFC9-4829-4320-8624-E0A40D4D9E32}"
EndProject
Project("{FAE04EC0-301F-11D3-BF4B-00C04F79EFBC}") = "IHome.SL.Main", "IHome.SL.Main\IHome.SL.Main.csproj", "{59F9DC0F-2DE7-432F-8627-1BCC93E03707}"
EndProject
Global
	GlobalSection(SolutionConfigurationPlatforms) = preSolution
		Debug|Any CPU = Debug|Any CPU
		Release|Any CPU = Release|Any CPU
	EndGlobalSection
	GlobalSection(ProjectConfigurationPlatforms) = postSolution
		{9F12845B-F827-40E6-BF51-B5AFCCC7E9E9}.Debug|Any CPU.ActiveCfg = Debug|Any CPU
		{9F12845B-F827-40E6-BF51-B5AFCCC7E9E9}.Debug|Any CPU.Build.0 = Debug|Any CPU
		{9F12845B-F827-40E6-BF51-B5AFCCC7E9E9}.Release|Any CPU.ActiveCfg = Release|Any CPU
		{9F12845B-F827-40E6-BF51-B5AFCCC7E9E9}.Release|Any CPU.Build.0 = Release|Any CPU
		{15E8C638-1346-42D4-A0AF-718D06CF3B71}.Debug|Any CPU.ActiveCfg = Debug|Any CPU
		{15E8C638-1346-42D4-A0AF-718D06CF3B71}.Debug|Any CPU.Build.0 = Debug|Any CPU
		{15E8C638-1346-42D4-A0AF-718D06CF3B71}.Release|Any CPU.ActiveCfg = Debug|Any CPU
		{15E8C638-1346-42D4-A0AF-718D06CF3B71}.Release|Any CPU.Build.0 = Debug|Any CPU
		{4E85BFC9-4829-4320-8624-E0A40D4D9E32}.Debug|Any CPU.ActiveCfg = Debug|Any CPU
		{4E85BFC9-4829-4320-8624-E0A40D4D9E32}.Debug|Any CPU.Build.0 = Debug|Any CPU
		{4E85BFC9-4829-4320-8624-E0A40D4D9E32}.Release|Any CPU.ActiveCfg = Release|Any CPU
		{4E85BFC9-4829-4320-8624-E0A40D4D9E32}.Release|Any CPU.Build.0 = Release|Any CPU
		{59F9DC0F-2DE7-432F-8627-1BCC93E03707}.Debug|Any CPU.ActiveCfg = Debug|Any CPU
		{59F9DC0F-2DE7-432F-8627-1BCC93E03707}.Debug|Any CPU.Build.0 = Debug|Any CPU
		{59F9DC0F-2DE7-432F-8627-1BCC93E03707}.Release|Any CPU.ActiveCfg = Release|Any CPU
		{59F9DC0F-2DE7-432F-8627-1BCC93E03707}.Release|Any CPU.Build.0 = Release|Any CPU
	EndGlobalSection
	GlobalSection(SolutionProperties) = preSolution
		HideSolutionNode = FALSE
	EndGlobalSection
	GlobalSection(NestedProjects) = preSolution
		{15E8C638-1346-42D4-A0AF-718D06CF3B71} = {1D22AF71-C5E7-47D8-B489-C49604FB99B3}
		{9F12845B-F827-40E6-BF51-B5AFCCC7E9E9} = {1D22AF71-C5E7-47D8-B489-C49604FB99B3}
		{59F9DC0F-2DE7-432F-8627-1BCC93E03707} = {197D4269-0D8A-4646-A3EA-FABAD0DDFDB9}
	EndGlobalSection
EndGlobal
